
Microsoft Visual Studio Solution File, Format Version 12.00
# Visual Studio 14
VisualStudioVersion = 14.0.25420.1
MinimumVisualStudioVersion = 10.0.40219.1
Project("{FAE04EC0-301F-11D3-BF4B-00C04F79EFBC}") = "mscorlib", "src\mscorlib\mscorlib.csproj", "{3DA06C3A-2E7B-4CB7-80ED-9B12916013F9}"
EndProject
Global
	GlobalSection(SolutionConfigurationPlatforms) = preSolution
		Checked|AnyCpu = Checked|AnyCpu
		Debug|AnyCpu = Debug|AnyCpu
		Release|AnyCpu = Release|AnyCpu
	EndGlobalSection
	GlobalSection(ProjectConfigurationPlatforms) = postSolution
		{3DA06C3A-2E7B-4CB7-80ED-9B12916013F9}.Checked|AnyCpu.ActiveCfg = Release|Any CPU
		{3DA06C3A-2E7B-4CB7-80ED-9B12916013F9}.Checked|AnyCpu.Build.0 = Release|Any CPU
		{3DA06C3A-2E7B-4CB7-80ED-9B12916013F9}.Debug|AnyCpu.ActiveCfg = Release|Any CPU
		{3DA06C3A-2E7B-4CB7-80ED-9B12916013F9}.Debug|AnyCpu.Build.0 = Release|Any CPU
		{3DA06C3A-2E7B-4CB7-80ED-9B12916013F9}.Release|AnyCpu.ActiveCfg = Release|Any CPU
		{3DA06C3A-2E7B-4CB7-80ED-9B12916013F9}.Release|AnyCpu.Build.0 = Release|Any CPU
	EndGlobalSection
	GlobalSection(SolutionProperties) = preSolution
		HideSolutionNode = FALSE
	EndGlobalSection
EndGlobal
