
Microsoft Visual Studio Solution File, Format Version 12.00
# Visual Studio 14
VisualStudioVersion = 14.0.24720.0
MinimumVisualStudioVersion = 10.0.40219.1
Project("{FAE04EC0-301F-11D3-BF4B-00C04F79EFBC}") = "TestCorLib", "TestCorLib.csproj", "{A4FEA887-FB97-4E0B-91B4-216422B79CBA}"
EndProject
Project("{FAE04EC0-301F-11D3-BF4B-00C04F79EFBC}") = "mscorlib-clean", "..\mscorlib\mscorlib-clean.csproj", "{3DA06C3A-2E7B-4CB7-80ED-9B12916013F9}"
EndProject
Global
	GlobalSection(SolutionConfigurationPlatforms) = preSolution
		Checked|amd64 = Checked|amd64
		Checked|Any CPU = Checked|Any CPU
		Checked|x86 = Checked|x86
		Debug|amd64 = Debug|amd64
		Debug|Any CPU = Debug|Any CPU
		Debug|x86 = Debug|x86
		Release|amd64 = Release|amd64
		Release|Any CPU = Release|Any CPU
		Release|x86 = Release|x86
	EndGlobalSection
	GlobalSection(ProjectConfigurationPlatforms) = postSolution
		{A4FEA887-FB97-4E0B-91B4-216422B79CBA}.Checked|amd64.ActiveCfg = Release|Any CPU
		{A4FEA887-FB97-4E0B-91B4-216422B79CBA}.Checked|Any CPU.ActiveCfg = Release|Any CPU
		{A4FEA887-FB97-4E0B-91B4-216422B79CBA}.Checked|x86.ActiveCfg = Release|Any CPU
		{A4FEA887-FB97-4E0B-91B4-216422B79CBA}.Debug|amd64.ActiveCfg = Debug|Any CPU
		{A4FEA887-FB97-4E0B-91B4-216422B79CBA}.Debug|Any CPU.ActiveCfg = Debug|Any CPU
		{A4FEA887-FB97-4E0B-91B4-216422B79CBA}.Debug|Any CPU.Build.0 = Debug|Any CPU
		{A4FEA887-FB97-4E0B-91B4-216422B79CBA}.Debug|x86.ActiveCfg = Debug|Any CPU
		{A4FEA887-FB97-4E0B-91B4-216422B79CBA}.Release|amd64.ActiveCfg = Release|Any CPU
		{A4FEA887-FB97-4E0B-91B4-216422B79CBA}.Release|Any CPU.ActiveCfg = Release|Any CPU
		{A4FEA887-FB97-4E0B-91B4-216422B79CBA}.Release|Any CPU.Build.0 = Release|Any CPU
		{A4FEA887-FB97-4E0B-91B4-216422B79CBA}.Release|x86.ActiveCfg = Release|Any CPU
		{3DA06C3A-2E7B-4CB7-80ED-9B12916013F9}.Checked|amd64.ActiveCfg = Checked|amd64
		{3DA06C3A-2E7B-4CB7-80ED-9B12916013F9}.Checked|amd64.Build.0 = Checked|amd64
		{3DA06C3A-2E7B-4CB7-80ED-9B12916013F9}.Checked|Any CPU.ActiveCfg = Checked|x86
		{3DA06C3A-2E7B-4CB7-80ED-9B12916013F9}.Checked|x86.ActiveCfg = Checked|x86
		{3DA06C3A-2E7B-4CB7-80ED-9B12916013F9}.Checked|x86.Build.0 = Checked|x86
		{3DA06C3A-2E7B-4CB7-80ED-9B12916013F9}.Debug|amd64.ActiveCfg = Debug|amd64
		{3DA06C3A-2E7B-4CB7-80ED-9B12916013F9}.Debug|amd64.Build.0 = Debug|amd64
		{3DA06C3A-2E7B-4CB7-80ED-9B12916013F9}.Debug|Any CPU.ActiveCfg = Debug|x86
		{3DA06C3A-2E7B-4CB7-80ED-9B12916013F9}.Debug|x86.ActiveCfg = Debug|x86
		{3DA06C3A-2E7B-4CB7-80ED-9B12916013F9}.Debug|x86.Build.0 = Debug|x86
		{3DA06C3A-2E7B-4CB7-80ED-9B12916013F9}.Release|amd64.ActiveCfg = Release|amd64
		{3DA06C3A-2E7B-4CB7-80ED-9B12916013F9}.Release|amd64.Build.0 = Release|amd64
		{3DA06C3A-2E7B-4CB7-80ED-9B12916013F9}.Release|Any CPU.ActiveCfg = Release|x86
		{3DA06C3A-2E7B-4CB7-80ED-9B12916013F9}.Release|x86.ActiveCfg = Release|x86
		{3DA06C3A-2E7B-4CB7-80ED-9B12916013F9}.Release|x86.Build.0 = Release|x86
	EndGlobalSection
	GlobalSection(SolutionProperties) = preSolution
		HideSolutionNode = FALSE
	EndGlobalSection
EndGlobal
