
Microsoft Visual Studio Solution File, Format Version 12.00
# Visual Studio 14
VisualStudioVersion = 14.0.24720.0
MinimumVisualStudioVersion = 10.0.40219.1
Project("{FAE04EC0-301F-11D3-BF4B-00C04F79EFBC}") = "mscorlib", "mscorlib.csproj", "{3DA06C3A-2E7B-4CB7-80ED-9B12916013F9}"
EndProject
Project("{FAE04EC0-301F-11D3-BF4B-00C04F79EFBC}") = "RoslynSolutionTest", "..\RoslynSolutionTest\RoslynSolutionTest.csproj", "{B75291F4-4424-4D29-93F1-9A2AFDD0CA9C}"
EndProject
Global
	GlobalSection(SolutionConfigurationPlatforms) = preSolution
		Checked|amd64 = Checked|amd64
		Checked|Any CPU = Checked|Any CPU
		Checked|arm = Checked|arm
		Checked|arm64 = Checked|arm64
		Checked|x86 = Checked|x86
		Debug|amd64 = Debug|amd64
		Debug|Any CPU = Debug|Any CPU
		Debug|arm = Debug|arm
		Debug|arm64 = Debug|arm64
		Debug|x86 = Debug|x86
		Release|amd64 = Release|amd64
		Release|Any CPU = Release|Any CPU
		Release|arm = Release|arm
		Release|arm64 = Release|arm64
		Release|x86 = Release|x86
	EndGlobalSection
	GlobalSection(ProjectConfigurationPlatforms) = postSolution
		{3DA06C3A-2E7B-4CB7-80ED-9B12916013F9}.Checked|amd64.ActiveCfg = Checked|amd64
		{3DA06C3A-2E7B-4CB7-80ED-9B12916013F9}.Checked|amd64.Build.0 = Checked|amd64
		{3DA06C3A-2E7B-4CB7-80ED-9B12916013F9}.Checked|Any CPU.ActiveCfg = Checked|x86
		{3DA06C3A-2E7B-4CB7-80ED-9B12916013F9}.Checked|arm.ActiveCfg = Checked|arm
		{3DA06C3A-2E7B-4CB7-80ED-9B12916013F9}.Checked|arm.Build.0 = Checked|arm
		{3DA06C3A-2E7B-4CB7-80ED-9B12916013F9}.Checked|arm64.ActiveCfg = Checked|arm64
		{3DA06C3A-2E7B-4CB7-80ED-9B12916013F9}.Checked|arm64.Build.0 = Checked|arm64
		{3DA06C3A-2E7B-4CB7-80ED-9B12916013F9}.Checked|x86.ActiveCfg = Checked|x86
		{3DA06C3A-2E7B-4CB7-80ED-9B12916013F9}.Checked|x86.Build.0 = Checked|x86
		{3DA06C3A-2E7B-4CB7-80ED-9B12916013F9}.Debug|amd64.ActiveCfg = Debug|amd64
		{3DA06C3A-2E7B-4CB7-80ED-9B12916013F9}.Debug|amd64.Build.0 = Debug|amd64
		{3DA06C3A-2E7B-4CB7-80ED-9B12916013F9}.Debug|Any CPU.ActiveCfg = Debug|x86
		{3DA06C3A-2E7B-4CB7-80ED-9B12916013F9}.Debug|arm.ActiveCfg = Debug|arm
		{3DA06C3A-2E7B-4CB7-80ED-9B12916013F9}.Debug|arm.Build.0 = Debug|arm
		{3DA06C3A-2E7B-4CB7-80ED-9B12916013F9}.Debug|arm64.ActiveCfg = Debug|arm64
		{3DA06C3A-2E7B-4CB7-80ED-9B12916013F9}.Debug|arm64.Build.0 = Debug|arm64
		{3DA06C3A-2E7B-4CB7-80ED-9B12916013F9}.Debug|x86.ActiveCfg = Debug|x86
		{3DA06C3A-2E7B-4CB7-80ED-9B12916013F9}.Debug|x86.Build.0 = Debug|x86
		{3DA06C3A-2E7B-4CB7-80ED-9B12916013F9}.Release|amd64.ActiveCfg = Release|amd64
		{3DA06C3A-2E7B-4CB7-80ED-9B12916013F9}.Release|amd64.Build.0 = Release|amd64
		{3DA06C3A-2E7B-4CB7-80ED-9B12916013F9}.Release|Any CPU.ActiveCfg = Release|x86
		{3DA06C3A-2E7B-4CB7-80ED-9B12916013F9}.Release|arm.ActiveCfg = Release|arm
		{3DA06C3A-2E7B-4CB7-80ED-9B12916013F9}.Release|arm.Build.0 = Release|arm
		{3DA06C3A-2E7B-4CB7-80ED-9B12916013F9}.Release|arm64.ActiveCfg = Release|arm64
		{3DA06C3A-2E7B-4CB7-80ED-9B12916013F9}.Release|arm64.Build.0 = Release|arm64
		{3DA06C3A-2E7B-4CB7-80ED-9B12916013F9}.Release|x86.ActiveCfg = Release|x86
		{3DA06C3A-2E7B-4CB7-80ED-9B12916013F9}.Release|x86.Build.0 = Release|x86
		{B75291F4-4424-4D29-93F1-9A2AFDD0CA9C}.Checked|amd64.ActiveCfg = Release|Any CPU
		{B75291F4-4424-4D29-93F1-9A2AFDD0CA9C}.Checked|amd64.Build.0 = Release|Any CPU
		{B75291F4-4424-4D29-93F1-9A2AFDD0CA9C}.Checked|Any CPU.ActiveCfg = Release|Any CPU
		{B75291F4-4424-4D29-93F1-9A2AFDD0CA9C}.Checked|Any CPU.Build.0 = Release|Any CPU
		{B75291F4-4424-4D29-93F1-9A2AFDD0CA9C}.Checked|arm.ActiveCfg = Release|Any CPU
		{B75291F4-4424-4D29-93F1-9A2AFDD0CA9C}.Checked|arm.Build.0 = Release|Any CPU
		{B75291F4-4424-4D29-93F1-9A2AFDD0CA9C}.Checked|arm64.ActiveCfg = Release|Any CPU
		{B75291F4-4424-4D29-93F1-9A2AFDD0CA9C}.Checked|arm64.Build.0 = Release|Any CPU
		{B75291F4-4424-4D29-93F1-9A2AFDD0CA9C}.Checked|x86.ActiveCfg = Release|Any CPU
		{B75291F4-4424-4D29-93F1-9A2AFDD0CA9C}.Checked|x86.Build.0 = Release|Any CPU
		{B75291F4-4424-4D29-93F1-9A2AFDD0CA9C}.Debug|amd64.ActiveCfg = Debug|Any CPU
		{B75291F4-4424-4D29-93F1-9A2AFDD0CA9C}.Debug|amd64.Build.0 = Debug|Any CPU
		{B75291F4-4424-4D29-93F1-9A2AFDD0CA9C}.Debug|Any CPU.ActiveCfg = Debug|Any CPU
		{B75291F4-4424-4D29-93F1-9A2AFDD0CA9C}.Debug|Any CPU.Build.0 = Debug|Any CPU
		{B75291F4-4424-4D29-93F1-9A2AFDD0CA9C}.Debug|arm.ActiveCfg = Debug|Any CPU
		{B75291F4-4424-4D29-93F1-9A2AFDD0CA9C}.Debug|arm.Build.0 = Debug|Any CPU
		{B75291F4-4424-4D29-93F1-9A2AFDD0CA9C}.Debug|arm64.ActiveCfg = Debug|Any CPU
		{B75291F4-4424-4D29-93F1-9A2AFDD0CA9C}.Debug|arm64.Build.0 = Debug|Any CPU
		{B75291F4-4424-4D29-93F1-9A2AFDD0CA9C}.Debug|x86.ActiveCfg = Debug|Any CPU
		{B75291F4-4424-4D29-93F1-9A2AFDD0CA9C}.Debug|x86.Build.0 = Debug|Any CPU
		{B75291F4-4424-4D29-93F1-9A2AFDD0CA9C}.Release|amd64.ActiveCfg = Release|Any CPU
		{B75291F4-4424-4D29-93F1-9A2AFDD0CA9C}.Release|amd64.Build.0 = Release|Any CPU
		{B75291F4-4424-4D29-93F1-9A2AFDD0CA9C}.Release|Any CPU.ActiveCfg = Release|Any CPU
		{B75291F4-4424-4D29-93F1-9A2AFDD0CA9C}.Release|Any CPU.Build.0 = Release|Any CPU
		{B75291F4-4424-4D29-93F1-9A2AFDD0CA9C}.Release|arm.ActiveCfg = Release|Any CPU
		{B75291F4-4424-4D29-93F1-9A2AFDD0CA9C}.Release|arm.Build.0 = Release|Any CPU
		{B75291F4-4424-4D29-93F1-9A2AFDD0CA9C}.Release|arm64.ActiveCfg = Release|Any CPU
		{B75291F4-4424-4D29-93F1-9A2AFDD0CA9C}.Release|arm64.Build.0 = Release|Any CPU
		{B75291F4-4424-4D29-93F1-9A2AFDD0CA9C}.Release|x86.ActiveCfg = Release|Any CPU
		{B75291F4-4424-4D29-93F1-9A2AFDD0CA9C}.Release|x86.Build.0 = Release|Any CPU
	EndGlobalSection
	GlobalSection(SolutionProperties) = preSolution
		HideSolutionNode = FALSE
	EndGlobalSection
EndGlobal
